{
  "name": "memmobot",
  "lockfileVersion": 2,
  "requires": true,
  "packages": {
    "": {
      "name": "memmobot",
      "dependencies": {
        "dotenv": "^16.4.5",
        "moment": "^2.30.1",
        "moment-precise-range-plugin": "^1.3.0",
        "tmi.js": "^1.8.5"
      },
      "devDependencies": {
        "@types/bun": "latest"
      },
      "peerDependencies": {
        "typescript": "^5.0.0"
      }
    },
    "node_modules/@types/bun": {
      "version": "1.1.3",
      "resolved": "https://registry.npmjs.org/@types/bun/-/bun-1.1.3.tgz",
      "integrity": "sha512-i+mVz8C/lx+RprDR6Mr402iE1kmajgJPnmSfJ/NvU85sGGXSylYZ/6yc+XhVLr2E/t8o6HmjwV0evtnUOR0CFA==",
      "dev": true,
      "dependencies": {
        "bun-types": "1.1.9"
      }
    },
    "node_modules/@types/node": {
      "version": "20.12.12",
      "dev": true,
      "license": "MIT",
      "dependencies": {
        "undici-types": "~5.26.4"
      }
    },
    "node_modules/@types/ws": {
      "version": "8.5.10",
      "dev": true,
      "license": "MIT",
      "dependencies": {
        "@types/node": "*"
      }
    },
    "node_modules/bun-types": {
      "version": "1.1.9",
      "dev": true,
      "license": "MIT",
      "dependencies": {
        "@types/node": "~20.12.8",
        "@types/ws": "~8.5.10"
      }
    },
    "node_modules/dotenv": {
      "version": "16.4.5",
      "resolved": "https://registry.npmjs.org/dotenv/-/dotenv-16.4.5.tgz",
      "integrity": "sha512-ZmdL2rui+eB2YwhsWzjInR8LldtZHGDoQ1ugH85ppHKwpUHL7j7rN0Ti9NCnGiQbhaZ11FpR+7ao1dNsmduNUg==",
      "engines": {
        "node": ">=12"
      },
      "funding": {
        "url": "https://dotenvx.com"
      }
    },
    "node_modules/moment": {
      "version": "2.30.1",
      "resolved": "https://registry.npmjs.org/moment/-/moment-2.30.1.tgz",
      "integrity": "sha512-uEmtNhbDOrWPFS+hdjFCBfy9f2YoyzRpwcl+DqpC6taX21FzsTLQVbMV/W7PzNSX6x/bhC1zA3c2UQ5NzH6how==",
      "engines": {
        "node": "*"
      }
    },
    "node_modules/moment-precise-range-plugin": {
      "version": "1.3.0",
      "resolved": "https://registry.npmjs.org/moment-precise-range-plugin/-/moment-precise-range-plugin-1.3.0.tgz",
      "integrity": "sha512-JZiuEK3XqsBQ6W2eoDhZSpc3bPZqMW4OMPmZId24oyngkHD5ixvgKFBicO6wgfYeURWaISOpGU27KFRMl1qN+Q==",
      "peerDependencies": {
        "moment": ">=2.9.0"
      }
    },
    "node_modules/node-fetch": {
      "version": "2.7.0",
      "resolved": "https://registry.npmjs.org/node-fetch/-/node-fetch-2.7.0.tgz",
      "integrity": "sha512-c4FRfUm/dbcWZ7U+1Wq0AwCyFL+3nt2bEw05wfxSz+DWpWsitgmSgYmy2dQdWyKC1694ELPqMs/YzUSNozLt8A==",
      "dependencies": {
        "whatwg-url": "^5.0.0"
      },
      "engines": {
        "node": "4.x || >=6.0.0"
      },
      "peerDependencies": {
        "encoding": "^0.1.0"
      },
      "peerDependenciesMeta": {
        "encoding": {
          "optional": true
        }
      }
    },
    "node_modules/tmi.js": {
      "version": "1.8.5",
      "resolved": "https://registry.npmjs.org/tmi.js/-/tmi.js-1.8.5.tgz",
      "integrity": "sha512-A9qrydfe1e0VWM9MViVhhxVgvLpnk7pFShVUWePsSTtoi+A1X+Zjdoa7OJd7/YsgHXGj3GkNEvnWop/1WwZuew==",
      "dependencies": {
        "node-fetch": "^2.6.1",
        "ws": "^8.2.0"
      },
      "engines": {
        "node": ">=10.0.0"
      }
    },
    "node_modules/tr46": {
      "version": "0.0.3",
      "resolved": "https://registry.npmjs.org/tr46/-/tr46-0.0.3.tgz",
      "integrity": "sha512-N3WMsuqV66lT30CrXNbEjx4GEwlow3v6rr4mCcv6prnfwhS01rkgyFdjPNBYd9br7LpXV1+Emh01fHnq2Gdgrw=="
    },
    "node_modules/typescript": {
      "version": "5.4.5",
      "license": "Apache-2.0",
      "peer": true,
      "bin": {
        "tsc": "bin/tsc",
        "tsserver": "bin/tsserver"
      },
      "engines": {
        "node": ">=14.17"
      }
    },
    "node_modules/undici-types": {
      "version": "5.26.5",
      "dev": true,
      "license": "MIT"
    },
    "node_modules/webidl-conversions": {
      "version": "3.0.1",
      "resolved": "https://registry.npmjs.org/webidl-conversions/-/webidl-conversions-3.0.1.tgz",
      "integrity": "sha512-2JAn3z8AR6rjK8Sm8orRC0h/bcl/DqL7tRPdGZ4I1CjdF+EaMLmYxBHyXuKL849eucPFhvBoxMsflfOb8kxaeQ=="
    },
    "node_modules/whatwg-url": {
      "version": "5.0.0",
      "resolved": "https://registry.npmjs.org/whatwg-url/-/whatwg-url-5.0.0.tgz",
      "integrity": "sha512-saE57nupxk6v3HY35+jzBwYa0rKSy0XR8JSxZPwgLr7ys0IBzhGviA1/TUGJLmSVqs8pb9AnvICXEuOHLprYTw==",
      "dependencies": {
        "tr46": "~0.0.3",
        "webidl-conversions": "^3.0.0"
      }
    },
    "node_modules/ws": {
      "version": "8.17.0",
      "resolved": "https://registry.npmjs.org/ws/-/ws-8.17.0.tgz",
      "integrity": "sha512-uJq6108EgZMAl20KagGkzCKfMEjxmKvZHG7Tlq0Z6nOky7YF7aq4mOx6xK8TJ/i1LeK4Qus7INktacctDgY8Ow==",
      "engines": {
        "node": ">=10.0.0"
      },
      "peerDependencies": {
        "bufferutil": "^4.0.1",
        "utf-8-validate": ">=5.0.2"
      },
      "peerDependenciesMeta": {
        "bufferutil": {
          "optional": true
        },
        "utf-8-validate": {
          "optional": true
        }
      }
    }
  },
  "dependencies": {
    "@types/bun": {
      "version": "1.1.3",
      "resolved": "https://registry.npmjs.org/@types/bun/-/bun-1.1.3.tgz",
      "integrity": "sha512-i+mVz8C/lx+RprDR6Mr402iE1kmajgJPnmSfJ/NvU85sGGXSylYZ/6yc+XhVLr2E/t8o6HmjwV0evtnUOR0CFA==",
      "dev": true,
      "requires": {
        "bun-types": "1.1.9"
      }
    },
    "@types/node": {
      "version": "20.12.12",
      "dev": true,
      "requires": {
        "undici-types": "~5.26.4"
      }
    },
    "@types/ws": {
      "version": "8.5.10",
      "dev": true,
      "requires": {
        "@types/node": "*"
      }
    },
    "bun-types": {
      "version": "1.1.9",
      "dev": true,
      "requires": {
        "@types/node": "~20.12.8",
        "@types/ws": "~8.5.10"
      }
    },
    "dotenv": {
      "version": "16.4.5",
      "resolved": "https://registry.npmjs.org/dotenv/-/dotenv-16.4.5.tgz",
      "integrity": "sha512-ZmdL2rui+eB2YwhsWzjInR8LldtZHGDoQ1ugH85ppHKwpUHL7j7rN0Ti9NCnGiQbhaZ11FpR+7ao1dNsmduNUg=="
    },
    "moment": {
      "version": "2.30.1",
      "resolved": "https://registry.npmjs.org/moment/-/moment-2.30.1.tgz",
      "integrity": "sha512-uEmtNhbDOrWPFS+hdjFCBfy9f2YoyzRpwcl+DqpC6taX21FzsTLQVbMV/W7PzNSX6x/bhC1zA3c2UQ5NzH6how=="
    },
    "moment-precise-range-plugin": {
      "version": "1.3.0",
      "resolved": "https://registry.npmjs.org/moment-precise-range-plugin/-/moment-precise-range-plugin-1.3.0.tgz",
      "integrity": "sha512-JZiuEK3XqsBQ6W2eoDhZSpc3bPZqMW4OMPmZId24oyngkHD5ixvgKFBicO6wgfYeURWaISOpGU27KFRMl1qN+Q==",
      "requires": {}
    },
    "node-fetch": {
      "version": "2.7.0",
      "resolved": "https://registry.npmjs.org/node-fetch/-/node-fetch-2.7.0.tgz",
      "integrity": "sha512-c4FRfUm/dbcWZ7U+1Wq0AwCyFL+3nt2bEw05wfxSz+DWpWsitgmSgYmy2dQdWyKC1694ELPqMs/YzUSNozLt8A==",
      "requires": {
        "whatwg-url": "^5.0.0"
      }
    },
    "tmi.js": {
      "version": "1.8.5",
      "resolved": "https://registry.npmjs.org/tmi.js/-/tmi.js-1.8.5.tgz",
      "integrity": "sha512-A9qrydfe1e0VWM9MViVhhxVgvLpnk7pFShVUWePsSTtoi+A1X+Zjdoa7OJd7/YsgHXGj3GkNEvnWop/1WwZuew==",
      "requires": {
        "node-fetch": "^2.6.1",
        "ws": "^8.2.0"
      }
    },
    "tr46": {
      "version": "0.0.3",
      "resolved": "https://registry.npmjs.org/tr46/-/tr46-0.0.3.tgz",
      "integrity": "sha512-N3WMsuqV66lT30CrXNbEjx4GEwlow3v6rr4mCcv6prnfwhS01rkgyFdjPNBYd9br7LpXV1+Emh01fHnq2Gdgrw=="
    },
    "typescript": {
      "version": "5.4.5",
      "peer": true
    },
    "undici-types": {
      "version": "5.26.5",
      "dev": true
    },
    "webidl-conversions": {
      "version": "3.0.1",
      "resolved": "https://registry.npmjs.org/webidl-conversions/-/webidl-conversions-3.0.1.tgz",
      "integrity": "sha512-2JAn3z8AR6rjK8Sm8orRC0h/bcl/DqL7tRPdGZ4I1CjdF+EaMLmYxBHyXuKL849eucPFhvBoxMsflfOb8kxaeQ=="
    },
    "whatwg-url": {
      "version": "5.0.0",
      "resolved": "https://registry.npmjs.org/whatwg-url/-/whatwg-url-5.0.0.tgz",
      "integrity": "sha512-saE57nupxk6v3HY35+jzBwYa0rKSy0XR8JSxZPwgLr7ys0IBzhGviA1/TUGJLmSVqs8pb9AnvICXEuOHLprYTw==",
      "requires": {
        "tr46": "~0.0.3",
        "webidl-conversions": "^3.0.0"
      }
    },
    "ws": {
      "version": "8.17.0",
      "resolved": "https://registry.npmjs.org/ws/-/ws-8.17.0.tgz",
      "integrity": "sha512-uJq6108EgZMAl20KagGkzCKfMEjxmKvZHG7Tlq0Z6nOky7YF7aq4mOx6xK8TJ/i1LeK4Qus7INktacctDgY8Ow==",
      "requires": {}
    }
  }
}
